<?xml version="1.0" encoding="utf-8"?>
<Project ToolsVersion="15.0" xmlns="http://schemas.microsoft.com/developer/msbuild/2003">
  <ItemGroup>
    <ClCompile Include="..\ldap\apr_ldap_init.c">
      <Filter>Source Files</Filter>
    </ClCompile>
    <ClCompile Include="..\ldap\apr_ldap_option.c">
      <Filter>Source Files</Filter>
    </ClCompile>
    <ClCompile Include="..\ldap\apr_ldap_rebind.c">
      <Filter>Source Files</Filter>
    </ClCompile>
  </ItemGroup>
  <ItemGroup>
    <ResourceCompile Include="..\libaprutil.rc">
      <Filter>Source Files</Filter>
    </ResourceCompile>
  </ItemGroup>
  <ItemGroup>
    <Filter Include="Source Files">
      <UniqueIdentifier>{82EE309B-D9DF-3CE4-B16D-C0DD52E2DCE8}</UniqueIdentifier>
    </Filter>
  </ItemGroup>
</Project>